
Microsoft Visual Studio Solution File, Format Version 12.00
# Visual Studio Version 17
VisualStudioVersion = 17.0.31912.275
MinimumVisualStudioVersion = 10.0.40219.1
Project("{FAE04EC0-301F-11D3-BF4B-00C04F79EFBC}") = "TickConverter", "TickConverter\TickConverter.csproj", "{EB1B0964-7A4F-4835-9CDD-084EC9AEC253}"
EndProject
Global
	GlobalSection(SolutionConfigurationPlatforms) = preSolution
		Debug|Any CPU = Debug|Any CPU
		Release|Any CPU = Release|Any CPU
	EndGlobalSection
	GlobalSection(ProjectConfigurationPlatforms) = postSolution
		{EB1B0964-7A4F-4835-9CDD-084EC9AEC253}.Debug|Any CPU.ActiveCfg = Debug|Any CPU
		{EB1B0964-7A4F-4835-9CDD-084EC9AEC253}.Debug|Any CPU.Build.0 = Debug|Any CPU
		{EB1B0964-7A4F-4835-9CDD-084EC9AEC253}.Release|Any CPU.ActiveCfg = Release|Any CPU
		{EB1B0964-7A4F-4835-9CDD-084EC9AEC253}.Release|Any CPU.Build.0 = Release|Any CPU
	EndGlobalSection
	GlobalSection(SolutionProperties) = preSolution
		HideSolutionNode = FALSE
	EndGlobalSection
	GlobalSection(ExtensibilityGlobals) = postSolution
		SolutionGuid = {74E27269-2EB5-414B-8A35-97F7F5529392}
	EndGlobalSection
EndGlobal
